
Microsoft Visual Studio Solution File, Format Version 12.00
# Visual Studio 15
VisualStudioVersion = 15.0.28307.489
MinimumVisualStudioVersion = 10.0.40219.1
Project("{9A19103F-16F7-4668-BE54-9A1E7A4F7556}") = "RAGEMP_TsVoice", "RAGEMP_TsVoice\RAGEMP_TsVoice.csproj", "{7BEE70A7-14FD-4B92-B7C1-59CF855DD67F}"
EndProject
Project("{FAE04EC0-301F-11D3-BF4B-00C04F79EFBC}") = "RAGEMP_TsVoiceClient", "RAGEMP_TsVoiceClient\RAGEMP_TsVoiceClient.csproj", "{F76EA4A1-2826-4242-A515-1E5EFC7D9C6A}"
EndProject
Global
	GlobalSection(SolutionConfigurationPlatforms) = preSolution
		Debug|Any CPU = Debug|Any CPU
		Release|Any CPU = Release|Any CPU
	EndGlobalSection
	GlobalSection(ProjectConfigurationPlatforms) = postSolution
		{7BEE70A7-14FD-4B92-B7C1-59CF855DD67F}.Debug|Any CPU.ActiveCfg = Debug|Any CPU
		{7BEE70A7-14FD-4B92-B7C1-59CF855DD67F}.Debug|Any CPU.Build.0 = Debug|Any CPU
		{7BEE70A7-14FD-4B92-B7C1-59CF855DD67F}.Release|Any CPU.ActiveCfg = Release|Any CPU
		{7BEE70A7-14FD-4B92-B7C1-59CF855DD67F}.Release|Any CPU.Build.0 = Release|Any CPU
		{F76EA4A1-2826-4242-A515-1E5EFC7D9C6A}.Debug|Any CPU.ActiveCfg = Debug|Any CPU
		{F76EA4A1-2826-4242-A515-1E5EFC7D9C6A}.Debug|Any CPU.Build.0 = Debug|Any CPU
		{F76EA4A1-2826-4242-A515-1E5EFC7D9C6A}.Release|Any CPU.ActiveCfg = Release|Any CPU
		{F76EA4A1-2826-4242-A515-1E5EFC7D9C6A}.Release|Any CPU.Build.0 = Release|Any CPU
	EndGlobalSection
	GlobalSection(SolutionProperties) = preSolution
		HideSolutionNode = FALSE
	EndGlobalSection
	GlobalSection(ExtensibilityGlobals) = postSolution
		SolutionGuid = {9436B214-3821-48DE-BB2E-DE2872C42641}
	EndGlobalSection
EndGlobal
